// !$*UTF8*$!
{
	archiveVersion = 1;
	classes = {
	};
	objectVersion = 46;
	objects = {

/* Begin PBXBuildFile section */
		C3B906F0197ADCC70098712F /* main.m in Sources */ = {isa = PBXBuildFile; fileRef = C3B906EF197ADCC70098712F /* main.m */; };
		C3B906F3197ADCC70098712F /* AppDelegate.m in Sources */ = {isa = PBXBuildFile; fileRef = C3B906F2197ADCC70098712F /* AppDelegate.m */; };
		C3B906F6197ADCC70098712F /* WelcomeViewController.m in Sources */ = {isa = PBXBuildFile; fileRef = C3B906F5197ADCC70098712F /* WelcomeViewController.m */; };
		C3B906F9197ADCC70098712F /* SearchViewController.m in Sources */ = {isa = PBXBuildFile; fileRef = C3B906F8197ADCC70098712F /* SearchViewController.m */; };
		C3B906FC197ADCC70098712F /* Main.storyboard in Resources */ = {isa = PBXBuildFile; fileRef = C3B906FA197ADCC70098712F /* Main.storyboard */; };
		C3B906FE197ADCC70098712F /* Images.xcassets in Resources */ = {isa = PBXBuildFile; fileRef = C3B906FD197ADCC70098712F /* Images.xcassets */; };
		C3B9070A197ADCC70098712F /* Re_SearchTests.m in Sources */ = {isa = PBXBuildFile; fileRef = C3B90709197ADCC70098712F /* Re_SearchTests.m */; };
		C3B90715197AE1F50098712F /* EnginesViewController.m in Sources */ = {isa = PBXBuildFile; fileRef = C3B90714197AE1F50098712F /* EnginesViewController.m */; };
		C3B9074F197AE4ED0098712F /* Re-Search.xcdatamodeld in Sources */ = {isa = PBXBuildFile; fileRef = C3B9074D197AE4ED0098712F /* Re-Search.xcdatamodeld */; };
		C3B90756197AE55F0098712F /* Record.m in Sources */ = {isa = PBXBuildFile; fileRef = C3B90755197AE55F0098712F /* Record.m */; };
		C3B9075B197AE6EB0098712F /* _SearchEngine.m in Sources */ = {isa = PBXBuildFile; fileRef = C3B90758197AE6EB0098712F /* _SearchEngine.m */; };
		C3B9075C197AE6EB0098712F /* SearchEngine.m in Sources */ = {isa = PBXBuildFile; fileRef = C3B9075A197AE6EB0098712F /* SearchEngine.m */; };
		C3B9075F197AE6FC0098712F /* regenerate-models.rb in Resources */ = {isa = PBXBuildFile; fileRef = C3B9075E197AE6FC0098712F /* regenerate-models.rb */; };
/* End PBXBuildFile section */

/* Begin PBXContainerItemProxy section */
		C3B90704197ADCC70098712F /* PBXContainerItemProxy */ = {
			isa = PBXContainerItemProxy;
			containerPortal = C3B906E2197ADCC60098712F /* Project object */;
			proxyType = 1;
			remoteGlobalIDString = C3B906E9197ADCC70098712F;
			remoteInfo = "Re-Search";
		};
/* End PBXContainerItemProxy section */

/* Begin PBXFileReference section */
		C3B906EA197ADCC70098712F /* Re-Search.app */ = {isa = PBXFileReference; explicitFileType = wrapper.application; includeInIndex = 0; path = "Re-Search.app"; sourceTree = BUILT_PRODUCTS_DIR; };
		C3B906EE197ADCC70098712F /* Info.plist */ = {isa = PBXFileReference; lastKnownFileType = text.plist.xml; path = Info.plist; sourceTree = "<group>"; };
		C3B906EF197ADCC70098712F /* main.m */ = {isa = PBXFileReference; lastKnownFileType = sourcecode.c.objc; path = main.m; sourceTree = "<group>"; };
		C3B906F1197ADCC70098712F /* AppDelegate.h */ = {isa = PBXFileReference; lastKnownFileType = sourcecode.c.h; path = AppDelegate.h; sourceTree = "<group>"; };
		C3B906F2197ADCC70098712F /* AppDelegate.m */ = {isa = PBXFileReference; lastKnownFileType = sourcecode.c.objc; path = AppDelegate.m; sourceTree = "<group>"; };
		C3B906F4197ADCC70098712F /* WelcomeViewController.h */ = {isa = PBXFileReference; lastKnownFileType = sourcecode.c.h; path = WelcomeViewController.h; sourceTree = "<group>"; };
		C3B906F5197ADCC70098712F /* WelcomeViewController.m */ = {isa = PBXFileReference; lastKnownFileType = sourcecode.c.objc; path = WelcomeViewController.m; sourceTree = "<group>"; };
		C3B906F7197ADCC70098712F /* SearchViewController.h */ = {isa = PBXFileReference; lastKnownFileType = sourcecode.c.h; path = SearchViewController.h; sourceTree = "<group>"; };
		C3B906F8197ADCC70098712F /* SearchViewController.m */ = {isa = PBXFileReference; lastKnownFileType = sourcecode.c.objc; path = SearchViewController.m; sourceTree = "<group>"; };
		C3B906FB197ADCC70098712F /* Base */ = {isa = PBXFileReference; lastKnownFileType = file.storyboard; name = Base; path = Base.lproj/Main.storyboard; sourceTree = "<group>"; };
		C3B906FD197ADCC70098712F /* Images.xcassets */ = {isa = PBXFileReference; lastKnownFileType = folder.assetcatalog; path = Images.xcassets; sourceTree = "<group>"; };
		C3B90703197ADCC70098712F /* Re-SearchTests.xctest */ = {isa = PBXFileReference; explicitFileType = wrapper.cfbundle; includeInIndex = 0; path = "Re-SearchTests.xctest"; sourceTree = BUILT_PRODUCTS_DIR; };
		C3B90708197ADCC70098712F /* Info.plist */ = {isa = PBXFileReference; lastKnownFileType = text.plist.xml; path = Info.plist; sourceTree = "<group>"; };
		C3B90709197ADCC70098712F /* Re_SearchTests.m */ = {isa = PBXFileReference; lastKnownFileType = sourcecode.c.objc; path = Re_SearchTests.m; sourceTree = "<group>"; };
		C3B90713197AE1F50098712F /* EnginesViewController.h */ = {isa = PBXFileReference; fileEncoding = 4; lastKnownFileType = sourcecode.c.h; path = EnginesViewController.h; sourceTree = "<group>"; };
		C3B90714197AE1F50098712F /* EnginesViewController.m */ = {isa = PBXFileReference; fileEncoding = 4; lastKnownFileType = sourcecode.c.objc; path = EnginesViewController.m; sourceTree = "<group>"; };
		C3B9074E197AE4ED0098712F /* Re-Search.xcdatamodel */ = {isa = PBXFileReference; lastKnownFileType = wrapper.xcdatamodel; path = "Re-Search.xcdatamodel"; sourceTree = "<group>"; };
		C3B90754197AE55F0098712F /* Record.h */ = {isa = PBXFileReference; fileEncoding = 4; lastKnownFileType = sourcecode.c.h; path = Record.h; sourceTree = "<group>"; };
		C3B90755197AE55F0098712F /* Record.m */ = {isa = PBXFileReference; fileEncoding = 4; lastKnownFileType = sourcecode.c.objc; path = Record.m; sourceTree = "<group>"; };
		C3B90757197AE6EB0098712F /* _SearchEngine.h */ = {isa = PBXFileReference; fileEncoding = 4; lastKnownFileType = sourcecode.c.h; path = _SearchEngine.h; sourceTree = "<group>"; };
		C3B90758197AE6EB0098712F /* _SearchEngine.m */ = {isa = PBXFileReference; fileEncoding = 4; lastKnownFileType = sourcecode.c.objc; path = _SearchEngine.m; sourceTree = "<group>"; };
		C3B90759197AE6EB0098712F /* SearchEngine.h */ = {isa = PBXFileReference; fileEncoding = 4; lastKnownFileType = sourcecode.c.h; path = SearchEngine.h; sourceTree = "<group>"; };
		C3B9075A197AE6EB0098712F /* SearchEngine.m */ = {isa = PBXFileReference; fileEncoding = 4; lastKnownFileType = sourcecode.c.objc; path = SearchEngine.m; sourceTree = "<group>"; };
		C3B9075E197AE6FC0098712F /* regenerate-models.rb */ = {isa = PBXFileReference; fileEncoding = 4; lastKnownFileType = text.script.ruby; path = "regenerate-models.rb"; sourceTree = SOURCE_ROOT; };
/* End PBXFileReference section */

/* Begin PBXFrameworksBuildPhase section */
		C3B906E7197ADCC70098712F /* Frameworks */ = {
			isa = PBXFrameworksBuildPhase;
			buildActionMask = 2147483647;
			files = (
			);
			runOnlyForDeploymentPostprocessing = 0;
		};
		C3B90700197ADCC70098712F /* Frameworks */ = {
			isa = PBXFrameworksBuildPhase;
			buildActionMask = 2147483647;
			files = (
			);
			runOnlyForDeploymentPostprocessing = 0;
		};
/* End PBXFrameworksBuildPhase section */

/* Begin PBXGroup section */
		C3B906E1197ADCC60098712F = {
			isa = PBXGroup;
			children = (
				C3B906EC197ADCC70098712F /* Re-Search */,
				C3B90706197ADCC70098712F /* Re-SearchTests */,
				C3B906EB197ADCC70098712F /* Products */,
			);
			sourceTree = "<group>";
		};
		C3B906EB197ADCC70098712F /* Products */ = {
			isa = PBXGroup;
			children = (
				C3B906EA197ADCC70098712F /* Re-Search.app */,
				C3B90703197ADCC70098712F /* Re-SearchTests.xctest */,
			);
			name = Products;
			sourceTree = "<group>";
		};
		C3B906EC197ADCC70098712F /* Re-Search */ = {
			isa = PBXGroup;
			children = (
				C3B906F1197ADCC70098712F /* AppDelegate.h */,
				C3B906F2197ADCC70098712F /* AppDelegate.m */,
				C3B9074B197AE29E0098712F /* View Controllers */,
				C3B9074C197AE2A50098712F /* Data Model */,
				C3B906FD197ADCC70098712F /* Images.xcassets */,
				C3B906ED197ADCC70098712F /* Supporting Files */,
			);
			path = "Re-Search";
			sourceTree = "<group>";
		};
		C3B906ED197ADCC70098712F /* Supporting Files */ = {
			isa = PBXGroup;
			children = (
				C3B906EE197ADCC70098712F /* Info.plist */,
				C3B906EF197ADCC70098712F /* main.m */,
			);
			name = "Supporting Files";
			sourceTree = "<group>";
		};
		C3B90706197ADCC70098712F /* Re-SearchTests */ = {
			isa = PBXGroup;
			children = (
				C3B90709197ADCC70098712F /* Re_SearchTests.m */,
				C3B90707197ADCC70098712F /* Supporting Files */,
			);
			path = "Re-SearchTests";
			sourceTree = "<group>";
		};
		C3B90707197ADCC70098712F /* Supporting Files */ = {
			isa = PBXGroup;
			children = (
				C3B90708197ADCC70098712F /* Info.plist */,
			);
			name = "Supporting Files";
			sourceTree = "<group>";
		};
		C3B9074B197AE29E0098712F /* View Controllers */ = {
			isa = PBXGroup;
			children = (
				C3B906FA197ADCC70098712F /* Main.storyboard */,
				C3B906F4197ADCC70098712F /* WelcomeViewController.h */,
				C3B906F5197ADCC70098712F /* WelcomeViewController.m */,
				C3B906F7197ADCC70098712F /* SearchViewController.h */,
				C3B906F8197ADCC70098712F /* SearchViewController.m */,
				C3B90713197AE1F50098712F /* EnginesViewController.h */,
				C3B90714197AE1F50098712F /* EnginesViewController.m */,
			);
			name = "View Controllers";
			sourceTree = "<group>";
		};
		C3B9074C197AE2A50098712F /* Data Model */ = {
			isa = PBXGroup;
			children = (
				C3B9074D197AE4ED0098712F /* Re-Search.xcdatamodeld */,
				C3B9075E197AE6FC0098712F /* regenerate-models.rb */,
				C3B9075D197AE6EF0098712F /* Generated by mogenerator */,
				C3B90754197AE55F0098712F /* Record.h */,
				C3B90755197AE55F0098712F /* Record.m */,
				C3B90759197AE6EB0098712F /* SearchEngine.h */,
				C3B9075A197AE6EB0098712F /* SearchEngine.m */,
			);
			name = "Data Model";
			sourceTree = "<group>";
		};
		C3B9075D197AE6EF0098712F /* Generated by mogenerator */ = {
			isa = PBXGroup;
			children = (
				C3B90757197AE6EB0098712F /* _SearchEngine.h */,
				C3B90758197AE6EB0098712F /* _SearchEngine.m */,
			);
			name = "Generated by mogenerator";
			sourceTree = "<group>";
		};
/* End PBXGroup section */

/* Begin PBXNativeTarget section */
		C3B906E9197ADCC70098712F /* Re-Search */ = {
			isa = PBXNativeTarget;
			buildConfigurationList = C3B9070D197ADCC70098712F /* Build configuration list for PBXNativeTarget "Re-Search" */;
			buildPhases = (
				C3B906E6197ADCC70098712F /* Sources */,
				C3B906E7197ADCC70098712F /* Frameworks */,
				C3B906E8197ADCC70098712F /* Resources */,
			);
			buildRules = (
			);
			dependencies = (
			);
			name = "Re-Search";
			productName = "Re-Search";
			productReference = C3B906EA197ADCC70098712F /* Re-Search.app */;
			productType = "com.apple.product-type.application";
		};
		C3B90702197ADCC70098712F /* Re-SearchTests */ = {
			isa = PBXNativeTarget;
			buildConfigurationList = C3B90710197ADCC70098712F /* Build configuration list for PBXNativeTarget "Re-SearchTests" */;
			buildPhases = (
				C3B906FF197ADCC70098712F /* Sources */,
				C3B90700197ADCC70098712F /* Frameworks */,
				C3B90701197ADCC70098712F /* Resources */,
			);
			buildRules = (
			);
			dependencies = (
				C3B90705197ADCC70098712F /* PBXTargetDependency */,
			);
			name = "Re-SearchTests";
			productName = "Re-SearchTests";
			productReference = C3B90703197ADCC70098712F /* Re-SearchTests.xctest */;
			productType = "com.apple.product-type.bundle.unit-test";
		};
/* End PBXNativeTarget section */

/* Begin PBXProject section */
		C3B906E2197ADCC60098712F /* Project object */ = {
			isa = PBXProject;
			attributes = {
				LastUpgradeCheck = 0600;
				ORGANIZATIONNAME = "David Deller";
				TargetAttributes = {
					C3B906E9197ADCC70098712F = {
						CreatedOnToolsVersion = 6.0;
					};
					C3B90702197ADCC70098712F = {
						CreatedOnToolsVersion = 6.0;
						TestTargetID = C3B906E9197ADCC70098712F;
					};
				};
			};
			buildConfigurationList = C3B906E5197ADCC60098712F /* Build configuration list for PBXProject "Re-Search" */;
			compatibilityVersion = "Xcode 3.2";
			developmentRegion = English;
			hasScannedForEncodings = 0;
			knownRegions = (
				en,
				Base,
			);
			mainGroup = C3B906E1197ADCC60098712F;
			productRefGroup = C3B906EB197ADCC70098712F /* Products */;
			projectDirPath = "";
			projectRoot = "";
			targets = (
				C3B906E9197ADCC70098712F /* Re-Search */,
				C3B90702197ADCC70098712F /* Re-SearchTests */,
			);
		};
/* End PBXProject section */

/* Begin PBXResourcesBuildPhase section */
		C3B906E8197ADCC70098712F /* Resources */ = {
			isa = PBXResourcesBuildPhase;
			buildActionMask = 2147483647;
			files = (
				C3B906FC197ADCC70098712F /* Main.storyboard in Resources */,
				C3B906FE197ADCC70098712F /* Images.xcassets in Resources */,
				C3B9075F197AE6FC0098712F /* regenerate-models.rb in Resources */,
			);
			runOnlyForDeploymentPostprocessing = 0;
		};
		C3B90701197ADCC70098712F /* Resources */ = {
			isa = PBXResourcesBuildPhase;
			buildActionMask = 2147483647;
			files = (
			);
			runOnlyForDeploymentPostprocessing = 0;
		};
/* End PBXResourcesBuildPhase section */

/* Begin PBXSourcesBuildPhase section */
		C3B906E6197ADCC70098712F /* Sources */ = {
			isa = PBXSourcesBuildPhase;
			buildActionMask = 2147483647;
			files = (
				C3B906F9197ADCC70098712F /* SearchViewController.m in Sources */,
				C3B906F3197ADCC70098712F /* AppDelegate.m in Sources */,
				C3B90756197AE55F0098712F /* Record.m in Sources */,
				C3B906F6197ADCC70098712F /* WelcomeViewController.m in Sources */,
				C3B90715197AE1F50098712F /* EnginesViewController.m in Sources */,
				C3B9075B197AE6EB0098712F /* _SearchEngine.m in Sources */,
				C3B9075C197AE6EB0098712F /* SearchEngine.m in Sources */,
				C3B9074F197AE4ED0098712F /* Re-Search.xcdatamodeld in Sources */,
				C3B906F0197ADCC70098712F /* main.m in Sources */,
			);
			runOnlyForDeploymentPostprocessing = 0;
		};
		C3B906FF197ADCC70098712F /* Sources */ = {
			isa = PBXSourcesBuildPhase;
			buildActionMask = 2147483647;
			files = (
				C3B9070A197ADCC70098712F /* Re_SearchTests.m in Sources */,
			);
			runOnlyForDeploymentPostprocessing = 0;
		};
/* End PBXSourcesBuildPhase section */

/* Begin PBXTargetDependency section */
		C3B90705197ADCC70098712F /* PBXTargetDependency */ = {
			isa = PBXTargetDependency;
			target = C3B906E9197ADCC70098712F /* Re-Search */;
			targetProxy = C3B90704197ADCC70098712F /* PBXContainerItemProxy */;
		};
/* End PBXTargetDependency section */

/* Begin PBXVariantGroup section */
		C3B906FA197ADCC70098712F /* Main.storyboard */ = {
			isa = PBXVariantGroup;
			children = (
				C3B906FB197ADCC70098712F /* Base */,
			);
			name = Main.storyboard;
			sourceTree = "<group>";
		};
/* End PBXVariantGroup section */

/* Begin XCBuildConfiguration section */
		C3B9070B197ADCC70098712F /* Debug */ = {
			isa = XCBuildConfiguration;
			buildSettings = {
				ALWAYS_SEARCH_USER_PATHS = NO;
				CLANG_CXX_LANGUAGE_STANDARD = "gnu++0x";
				CLANG_CXX_LIBRARY = "libc++";
				CLANG_ENABLE_MODULES = YES;
				CLANG_ENABLE_OBJC_ARC = YES;
				CLANG_WARN_BOOL_CONVERSION = YES;
				CLANG_WARN_CONSTANT_CONVERSION = YES;
				CLANG_WARN_DIRECT_OBJC_ISA_USAGE = YES_ERROR;
				CLANG_WARN_EMPTY_BODY = YES;
				CLANG_WARN_ENUM_CONVERSION = YES;
				CLANG_WARN_INT_CONVERSION = YES;
				CLANG_WARN_OBJC_ROOT_CLASS = YES_ERROR;
				CLANG_WARN_UNREACHABLE_CODE = YES;
				CLANG_WARN__DUPLICATE_METHOD_MATCH = YES;
				"CODE_SIGN_IDENTITY[sdk=iphoneos*]" = "iPhone Developer";
				COPY_PHASE_STRIP = NO;
				ENABLE_STRICT_OBJC_MSGSEND = YES;
				GCC_C_LANGUAGE_STANDARD = gnu99;
				GCC_DYNAMIC_NO_PIC = NO;
				GCC_OPTIMIZATION_LEVEL = 0;
				GCC_PREPROCESSOR_DEFINITIONS = (
					"DEBUG=1",
					"$(inherited)",
				);
				GCC_SYMBOLS_PRIVATE_EXTERN = NO;
				GCC_WARN_64_TO_32_BIT_CONVERSION = YES;
				GCC_WARN_ABOUT_RETURN_TYPE = YES_ERROR;
				GCC_WARN_UNDECLARED_SELECTOR = YES;
				GCC_WARN_UNINITIALIZED_AUTOS = YES_AGGRESSIVE;
				GCC_WARN_UNUSED_FUNCTION = YES;
				GCC_WARN_UNUSED_VARIABLE = YES;
				IPHONEOS_DEPLOYMENT_TARGET = 8.0;
				MTL_ENABLE_DEBUG_INFO = YES;
				ONLY_ACTIVE_ARCH = YES;
				SDKROOT = iphoneos;
				TARGETED_DEVICE_FAMILY = "1,2";
			};
			name = Debug;
		};
		C3B9070C197ADCC70098712F /* Release */ = {
			isa = XCBuildConfiguration;
			buildSettings = {
				ALWAYS_SEARCH_USER_PATHS = NO;
				CLANG_CXX_LANGUAGE_STANDARD = "gnu++0x";
				CLANG_CXX_LIBRARY = "libc++";
				CLANG_ENABLE_MODULES = YES;
				CLANG_ENABLE_OBJC_ARC = YES;
				CLANG_WARN_BOOL_CONVERSION = YES;
				CLANG_WARN_CONSTANT_CONVERSION = YES;
				CLANG_WARN_DIRECT_OBJC_ISA_USAGE = YES_ERROR;
				CLANG_WARN_EMPTY_BODY = YES;
				CLANG_WARN_ENUM_CONVERSION = YES;
				CLANG_WARN_INT_CONVERSION = YES;
				CLANG_WARN_OBJC_ROOT_CLASS = YES_ERROR;
				CLANG_WARN_UNREACHABLE_CODE = YES;
				CLANG_WARN__DUPLICATE_METHOD_MATCH = YES;
				"CODE_SIGN_IDENTITY[sdk=iphoneos*]" = "iPhone Developer";
				COPY_PHASE_STRIP = YES;
				ENABLE_NS_ASSERTIONS = NO;
				ENABLE_STRICT_OBJC_MSGSEND = YES;
				GCC_C_LANGUAGE_STANDARD = gnu99;
				GCC_WARN_64_TO_32_BIT_CONVERSION = YES;
				GCC_WARN_ABOUT_RETURN_TYPE = YES_ERROR;
				GCC_WARN_UNDECLARED_SELECTOR = YES;
				GCC_WARN_UNINITIALIZED_AUTOS = YES_AGGRESSIVE;
				GCC_WARN_UNUSED_FUNCTION = YES;
				GCC_WARN_UNUSED_VARIABLE = YES;
				IPHONEOS_DEPLOYMENT_TARGET = 8.0;
				MTL_ENABLE_DEBUG_INFO = NO;
				SDKROOT = iphoneos;
				TARGETED_DEVICE_FAMILY = "1,2";
				VALIDATE_PRODUCT = YES;
			};
			name = Release;
		};
		C3B9070E197ADCC70098712F /* Debug */ = {
			isa = XCBuildConfiguration;
			buildSettings = {
				ASSETCATALOG_COMPILER_APPICON_NAME = AppIcon;
				ASSETCATALOG_COMPILER_LAUNCHIMAGE_NAME = LaunchImage;
				CLANG_ENABLE_MODULES = YES;
				INFOPLIST_FILE = "Re-Search/Info.plist";
				LD_RUNPATH_SEARCH_PATHS = "$(inherited) @executable_path/Frameworks";
				PRODUCT_NAME = "$(TARGET_NAME)";
				SWIFT_OBJC_BRIDGING_HEADER = "Re-Search/Re-Search-Bridging-Header.h";
				SWIFT_OPTIMIZATION_LEVEL = "-Onone";
			};
			name = Debug;
		};
		C3B9070F197ADCC70098712F /* Release */ = {
			isa = XCBuildConfiguration;
			buildSettings = {
				ASSETCATALOG_COMPILER_APPICON_NAME = AppIcon;
				ASSETCATALOG_COMPILER_LAUNCHIMAGE_NAME = LaunchImage;
				CLANG_ENABLE_MODULES = YES;
				INFOPLIST_FILE = "Re-Search/Info.plist";
				LD_RUNPATH_SEARCH_PATHS = "$(inherited) @executable_path/Frameworks";
				PRODUCT_NAME = "$(TARGET_NAME)";
				SWIFT_OBJC_BRIDGING_HEADER = "Re-Search/Re-Search-Bridging-Header.h";
			};
			name = Release;
		};
		C3B90711197ADCC70098712F /* Debug */ = {
			isa = XCBuildConfiguration;
			buildSettings = {
				BUNDLE_LOADER = "$(BUILT_PRODUCTS_DIR)/Re-Search.app/Re-Search";
				FRAMEWORK_SEARCH_PATHS = (
					"$(SDKROOT)/Developer/Library/Frameworks",
					"$(inherited)",
				);
				GCC_PREPROCESSOR_DEFINITIONS = (
					"DEBUG=1",
					"$(inherited)",
				);
				INFOPLIST_FILE = "Re-SearchTests/Info.plist";
				LD_RUNPATH_SEARCH_PATHS = "$(inherited) @executable_path/Frameworks @loader_path/Frameworks";
				PRODUCT_NAME = "$(TARGET_NAME)";
				TEST_HOST = "$(BUNDLE_LOADER)";
			};
			name = Debug;
		};
		C3B90712197ADCC70098712F /* Release */ = {
			isa = XCBuildConfiguration;
			buildSettings = {
				BUNDLE_LOADER = "$(BUILT_PRODUCTS_DIR)/Re-Search.app/Re-Search";
				FRAMEWORK_SEARCH_PATHS = (
					"$(SDKROOT)/Developer/Library/Frameworks",
					"$(inherited)",
				);
				INFOPLIST_FILE = "Re-SearchTests/Info.plist";
				LD_RUNPATH_SEARCH_PATHS = "$(inherited) @executable_path/Frameworks @loader_path/Frameworks";
				PRODUCT_NAME = "$(TARGET_NAME)";
				TEST_HOST = "$(BUNDLE_LOADER)";
			};
			name = Release;
		};
/* End XCBuildConfiguration section */

/* Begin XCConfigurationList section */
		C3B906E5197ADCC60098712F /* Build configuration list for PBXProject "Re-Search" */ = {
			isa = XCConfigurationList;
			buildConfigurations = (
				C3B9070B197ADCC70098712F /* Debug */,
				C3B9070C197ADCC70098712F /* Release */,
			);
			defaultConfigurationIsVisible = 0;
			defaultConfigurationName = Release;
		};
		C3B9070D197ADCC70098712F /* Build configuration list for PBXNativeTarget "Re-Search" */ = {
			isa = XCConfigurationList;
			buildConfigurations = (
				C3B9070E197ADCC70098712F /* Debug */,
				C3B9070F197ADCC70098712F /* Release */,
			);
			defaultConfigurationIsVisible = 0;
			defaultConfigurationName = Release;
		};
		C3B90710197ADCC70098712F /* Build configuration list for PBXNativeTarget "Re-SearchTests" */ = {
			isa = XCConfigurationList;
			buildConfigurations = (
				C3B90711197ADCC70098712F /* Debug */,
				C3B90712197ADCC70098712F /* Release */,
			);
			defaultConfigurationIsVisible = 0;
			defaultConfigurationName = Release;
		};
/* End XCConfigurationList section */

/* Begin XCVersionGroup section */
		C3B9074D197AE4ED0098712F /* Re-Search.xcdatamodeld */ = {
			isa = XCVersionGroup;
			children = (
				C3B9074E197AE4ED0098712F /* Re-Search.xcdatamodel */,
			);
			currentVersion = C3B9074E197AE4ED0098712F /* Re-Search.xcdatamodel */;
			path = "Re-Search.xcdatamodeld";
			sourceTree = "<group>";
			versionGroupType = wrapper.xcdatamodel;
		};
/* End XCVersionGroup section */
	};
	rootObject = C3B906E2197ADCC60098712F /* Project object */;
}
